{
  "sources": {
    "popHealth": {
      "locked_version": "0.2.0",
      "git": "https://github.com/rbclark/popHealth-recipe.git",
      "ref": "eac2d433c4e60c021c56667d4a59d898b59cf37b"
    },
    "rvm": {
      "locked_version": "0.9.1",
      "git": "git://github.com/fnichol/chef-rvm.git",
      "ref": "0cd320911c1e568cbf2eeac895a5ef06e5821589"
    },
    "mongodb-10gen": {
      "locked_version": "0.1.10"
    },
    "apt": {
      "locked_version": "2.3.8"
    },
    "git": {
      "locked_version": "2.9.0"
    },
    "dmg": {
      "locked_version": "2.1.4"
    },
    "build-essential": {
      "locked_version": "1.4.2"
    },
    "windows": {
      "locked_version": "1.30.0"
    },
    "chef_handler": {
      "locked_version": "1.1.4"
    },
    "runit": {
      "locked_version": "1.5.8"
    },
    "yum": {
      "locked_version": "3.1.0"
    },
    "yum-epel": {
      "locked_version": "0.3.2"
    },
    "fail2ban": {
      "locked_version": "2.1.2"
    },
    "firewall": {
      "locked_version": "0.11.2"
    },
    "sudo": {
      "locked_version": "2.3.0"
    },
    "java": {
      "locked_version": "1.19.2"
    },
    "chef_gem": {
      "locked_version": "0.1.0"
    }
  }
}
